Microsoft Visual Studio Solution File, Format Version 11.00
# Visual Studio 2008

Project("{2A9E7300-FE39-CE68-6F27-772B0D10DC52}") = "It Wasnt Me -LD37", "Assembly-CSharp.csproj", "{B137732E-BFB8-9E74-96D5-1CFF31E7BC46}"
EndProject
Global
	GlobalSection(SolutionConfigurationPlatforms) = preSolution
		Debug|Any CPU = Debug|Any CPU
		Release|Any CPU = Release|Any CPU
	EndGlobalSection
	GlobalSection(ProjectConfigurationPlatforms) = postSolution
		{B137732E-BFB8-9E74-96D5-1CFF31E7BC46}.Debug|Any CPU.ActiveCfg = Debug|Any CPU
		{B137732E-BFB8-9E74-96D5-1CFF31E7BC46}.Debug|Any CPU.Build.0 = Debug|Any CPU
		{B137732E-BFB8-9E74-96D5-1CFF31E7BC46}.Release|Any CPU.ActiveCfg = Release|Any CPU
		{B137732E-BFB8-9E74-96D5-1CFF31E7BC46}.Release|Any CPU.Build.0 = Release|Any CPU
	EndGlobalSection
	GlobalSection(SolutionProperties) = preSolution
		HideSolutionNode = FALSE
	EndGlobalSection
	GlobalSection(MonoDevelopProperties) = preSolution
		StartupItem = Assembly-CSharp.csproj
	EndGlobalSection
EndGlobal
